
Microsoft Visual Studio Solution File, Format Version 12.00
# Visual Studio Version 17
VisualStudioVersion = 17.0.31903.59
MinimumVisualStudioVersion = 10.0.40219.1
Project("{FAE04EC0-301F-11D3-BF4B-00C04F79EFBC}") = "Delta.DocGen", "Delta.DocGen\Delta.DocGen.csproj", "{2436DBC7-7E69-4119-8401-648A702D6DF6}"
EndProject
Project("{FAE04EC0-301F-11D3-BF4B-00C04F79EFBC}") = "Delta.DocGen.Tests", "Delta.DocGen.Tests\Delta.DocGen.Tests.csproj", "{A2C5D546-45BA-4685-859E-9BAB003F35C0}"
EndProject
Global
	GlobalSection(SolutionConfigurationPlatforms) = preSolution
		Debug|Any CPU = Debug|Any CPU
		Release|Any CPU = Release|Any CPU
	EndGlobalSection
	GlobalSection(SolutionProperties) = preSolution
		HideSolutionNode = FALSE
	EndGlobalSection
	GlobalSection(ProjectConfigurationPlatforms) = postSolution
		{2436DBC7-7E69-4119-8401-648A702D6DF6}.Debug|Any CPU.ActiveCfg = Debug|Any CPU
		{2436DBC7-7E69-4119-8401-648A702D6DF6}.Debug|Any CPU.Build.0 = Debug|Any CPU
		{2436DBC7-7E69-4119-8401-648A702D6DF6}.Release|Any CPU.ActiveCfg = Release|Any CPU
		{2436DBC7-7E69-4119-8401-648A702D6DF6}.Release|Any CPU.Build.0 = Release|Any CPU
		{A2C5D546-45BA-4685-859E-9BAB003F35C0}.Debug|Any CPU.ActiveCfg = Debug|Any CPU
		{A2C5D546-45BA-4685-859E-9BAB003F35C0}.Debug|Any CPU.Build.0 = Debug|Any CPU
		{A2C5D546-45BA-4685-859E-9BAB003F35C0}.Release|Any CPU.ActiveCfg = Release|Any CPU
		{A2C5D546-45BA-4685-859E-9BAB003F35C0}.Release|Any CPU.Build.0 = Release|Any CPU
	EndGlobalSection
EndGlobal
